
Microsoft Visual Studio Solution File, Format Version 12.00
# Visual Studio Version 17
VisualStudioVersion = 17.0.32014.148
MinimumVisualStudioVersion = 10.0.40219.1
Project("{2150E333-8FDC-42A3-9474-1A3956D46DE8}") = "Clients", "Clients", "{4342C490-E8D4-477C-AA3F-B636FE09F8CC}"
EndProject
Project("{2150E333-8FDC-42A3-9474-1A3956D46DE8}") = "ApiGateways", "ApiGateways", "{8CBA8C0B-CD85-457B-9C8B-11B173D61828}"
EndProject
Project("{2150E333-8FDC-42A3-9474-1A3956D46DE8}") = "Services", "Services", "{E7FF361D-E225-4327-BEEE-C8DC3BA95766}"
EndProject
Project("{2150E333-8FDC-42A3-9474-1A3956D46DE8}") = "Identity", "Identity", "{D3CCD687-77CA-4687-A3E7-49626906A072}"
EndProject
Project("{2150E333-8FDC-42A3-9474-1A3956D46DE8}") = "Catalog", "Catalog", "{0DC7D482-1922-44C6-941F-684D38691198}"
EndProject
Project("{2150E333-8FDC-42A3-9474-1A3956D46DE8}") = "Customer", "Customer", "{40841918-9EEF-4BCF-BD1B-A425CA9DDEBD}"
EndProject
Project("{2150E333-8FDC-42A3-9474-1A3956D46DE8}") = "Order", "Order", "{0A5717C2-4833-4E16-8DFA-BE4EA8AF6A69}"
EndProject
Project("{FAE04EC0-301F-11D3-BF4B-00C04F79EFBC}") = "Catalog.API", "src\Services\Catalog\Catalog.API\Catalog.API.csproj", "{27313820-56CA-4503-AA1E-4DEAFB35FB09}"
EndProject
Project("{2150E333-8FDC-42A3-9474-1A3956D46DE8}") = "API", "API", "{DC32953C-AD4F-4E4D-8E9E-5CB455D0C802}"
EndProject
Project("{2150E333-8FDC-42A3-9474-1A3956D46DE8}") = "Services", "Services", "{657E266D-34B8-4816-99FA-4F204379E718}"
EndProject
Project("{2150E333-8FDC-42A3-9474-1A3956D46DE8}") = "Persistence", "Persistence", "{F1984D27-F458-4EFD-9B98-041A9543A8AB}"
EndProject
Project("{2150E333-8FDC-42A3-9474-1A3956D46DE8}") = "Models", "Models", "{A2F9FD5A-D44D-4E29-BE4C-E29B6D15B218}"
EndProject
Project("{FAE04EC0-301F-11D3-BF4B-00C04F79EFBC}") = "Catalog.Domain", "src\Services\Catalog\Catalog.Domain\Catalog.Domain.csproj", "{3E341F96-A95A-4BC8-AA7F-58613B3F7E4E}"
EndProject
Project("{FAE04EC0-301F-11D3-BF4B-00C04F79EFBC}") = "Catalog.Persitence.Database", "src\Services\Catalog\Catalog.Persitence.Database\Catalog.Persitence.Database.csproj", "{463ED5EE-A8C5-42A3-91B7-D29F50E15AF1}"
EndProject
Global
	GlobalSection(SolutionConfigurationPlatforms) = preSolution
		Debug|Any CPU = Debug|Any CPU
		Release|Any CPU = Release|Any CPU
	EndGlobalSection
	GlobalSection(ProjectConfigurationPlatforms) = postSolution
		{27313820-56CA-4503-AA1E-4DEAFB35FB09}.Debug|Any CPU.ActiveCfg = Debug|Any CPU
		{27313820-56CA-4503-AA1E-4DEAFB35FB09}.Debug|Any CPU.Build.0 = Debug|Any CPU
		{27313820-56CA-4503-AA1E-4DEAFB35FB09}.Release|Any CPU.ActiveCfg = Release|Any CPU
		{27313820-56CA-4503-AA1E-4DEAFB35FB09}.Release|Any CPU.Build.0 = Release|Any CPU
		{3E341F96-A95A-4BC8-AA7F-58613B3F7E4E}.Debug|Any CPU.ActiveCfg = Debug|Any CPU
		{3E341F96-A95A-4BC8-AA7F-58613B3F7E4E}.Debug|Any CPU.Build.0 = Debug|Any CPU
		{3E341F96-A95A-4BC8-AA7F-58613B3F7E4E}.Release|Any CPU.ActiveCfg = Release|Any CPU
		{3E341F96-A95A-4BC8-AA7F-58613B3F7E4E}.Release|Any CPU.Build.0 = Release|Any CPU
		{463ED5EE-A8C5-42A3-91B7-D29F50E15AF1}.Debug|Any CPU.ActiveCfg = Debug|Any CPU
		{463ED5EE-A8C5-42A3-91B7-D29F50E15AF1}.Debug|Any CPU.Build.0 = Debug|Any CPU
		{463ED5EE-A8C5-42A3-91B7-D29F50E15AF1}.Release|Any CPU.ActiveCfg = Release|Any CPU
		{463ED5EE-A8C5-42A3-91B7-D29F50E15AF1}.Release|Any CPU.Build.0 = Release|Any CPU
	EndGlobalSection
	GlobalSection(SolutionProperties) = preSolution
		HideSolutionNode = FALSE
	EndGlobalSection
	GlobalSection(NestedProjects) = preSolution
		{D3CCD687-77CA-4687-A3E7-49626906A072} = {E7FF361D-E225-4327-BEEE-C8DC3BA95766}
		{0DC7D482-1922-44C6-941F-684D38691198} = {E7FF361D-E225-4327-BEEE-C8DC3BA95766}
		{40841918-9EEF-4BCF-BD1B-A425CA9DDEBD} = {E7FF361D-E225-4327-BEEE-C8DC3BA95766}
		{0A5717C2-4833-4E16-8DFA-BE4EA8AF6A69} = {E7FF361D-E225-4327-BEEE-C8DC3BA95766}
		{27313820-56CA-4503-AA1E-4DEAFB35FB09} = {DC32953C-AD4F-4E4D-8E9E-5CB455D0C802}
		{DC32953C-AD4F-4E4D-8E9E-5CB455D0C802} = {0DC7D482-1922-44C6-941F-684D38691198}
		{657E266D-34B8-4816-99FA-4F204379E718} = {0DC7D482-1922-44C6-941F-684D38691198}
		{F1984D27-F458-4EFD-9B98-041A9543A8AB} = {0DC7D482-1922-44C6-941F-684D38691198}
		{A2F9FD5A-D44D-4E29-BE4C-E29B6D15B218} = {0DC7D482-1922-44C6-941F-684D38691198}
		{3E341F96-A95A-4BC8-AA7F-58613B3F7E4E} = {A2F9FD5A-D44D-4E29-BE4C-E29B6D15B218}
		{463ED5EE-A8C5-42A3-91B7-D29F50E15AF1} = {F1984D27-F458-4EFD-9B98-041A9543A8AB}
	EndGlobalSection
	GlobalSection(ExtensibilityGlobals) = postSolution
		SolutionGuid = {73533669-EEDE-44C2-9C2B-96E88744296A}
	EndGlobalSection
EndGlobal
